// !$*UTF8*$!
{
	archiveVersion = 1;
	classes = {
	};
	objectVersion = 56;
	objects = {

/* Begin PBXBuildFile section */
		3261EEFD2BAC3E7400AEC1AA /* AppDelegate.swift in Sources */ = {isa = PBXBuildFile; fileRef = 3261EEFC2BAC3E7400AEC1AA /* AppDelegate.swift */; };
		3261EF062BAC3E7500AEC1AA /* Assets.xcassets in Resources */ = {isa = PBXBuildFile; fileRef = 3261EF052BAC3E7500AEC1AA /* Assets.xcassets */; };
		3261EF092BAC3E7500AEC1AA /* LaunchScreen.storyboard in Resources */ = {isa = PBXBuildFile; fileRef = 3261EF072BAC3E7500AEC1AA /* LaunchScreen.storyboard */; };
		3261EF162BAC40BC00AEC1AA /* ReviewsListViewController.swift in Sources */ = {isa = PBXBuildFile; fileRef = 3261EF152BAC40BC00AEC1AA /* ReviewsListViewController.swift */; };
		3261EF182BAC40D700AEC1AA /* ReviewCell.swift in Sources */ = {isa = PBXBuildFile; fileRef = 3261EF172BAC40D700AEC1AA /* ReviewCell.swift */; };
		3261EF1A2BAC40EF00AEC1AA /* ReviewListHeaderView.swift in Sources */ = {isa = PBXBuildFile; fileRef = 3261EF192BAC40EF00AEC1AA /* ReviewListHeaderView.swift */; };
		3261EF1D2BAC412D00AEC1AA /* ReviewsListViewModel.swift in Sources */ = {isa = PBXBuildFile; fileRef = 3261EF1C2BAC412D00AEC1AA /* ReviewsListViewModel.swift */; };
		3261EF202BAC48D500AEC1AA /* ReviewsListViewControllerFactory.swift in Sources */ = {isa = PBXBuildFile; fileRef = 3261EF1F2BAC48D500AEC1AA /* ReviewsListViewControllerFactory.swift */; };
/* End PBXBuildFile section */

/* Begin PBXFileReference section */
		3261EEF92BAC3E7400AEC1AA /* YourReviews.app */ = {isa = PBXFileReference; explicitFileType = wrapper.application; includeInIndex = 0; path = YourReviews.app; sourceTree = BUILT_PRODUCTS_DIR; };
		3261EEFC2BAC3E7400AEC1AA /* AppDelegate.swift */ = {isa = PBXFileReference; lastKnownFileType = sourcecode.swift; path = AppDelegate.swift; sourceTree = "<group>"; };
		3261EF052BAC3E7500AEC1AA /* Assets.xcassets */ = {isa = PBXFileReference; lastKnownFileType = folder.assetcatalog; path = Assets.xcassets; sourceTree = "<group>"; };
		3261EF082BAC3E7500AEC1AA /* Base */ = {isa = PBXFileReference; lastKnownFileType = file.storyboard; name = Base; path = Base.lproj/LaunchScreen.storyboard; sourceTree = "<group>"; };
		3261EF0A2BAC3E7500AEC1AA /* Info.plist */ = {isa = PBXFileReference; lastKnownFileType = text.plist.xml; path = Info.plist; sourceTree = "<group>"; };
		3261EF152BAC40BC00AEC1AA /* ReviewsListViewController.swift */ = {isa = PBXFileReference; lastKnownFileType = sourcecode.swift; path = ReviewsListViewController.swift; sourceTree = "<group>"; };
		3261EF172BAC40D700AEC1AA /* ReviewCell.swift */ = {isa = PBXFileReference; lastKnownFileType = sourcecode.swift; path = ReviewCell.swift; sourceTree = "<group>"; };
		3261EF192BAC40EF00AEC1AA /* ReviewListHeaderView.swift */ = {isa = PBXFileReference; lastKnownFileType = sourcecode.swift; path = ReviewListHeaderView.swift; sourceTree = "<group>"; };
		3261EF1C2BAC412D00AEC1AA /* ReviewsListViewModel.swift */ = {isa = PBXFileReference; lastKnownFileType = sourcecode.swift; path = ReviewsListViewModel.swift; sourceTree = "<group>"; };
		3261EF1F2BAC48D500AEC1AA /* ReviewsListViewControllerFactory.swift */ = {isa = PBXFileReference; lastKnownFileType = sourcecode.swift; path = ReviewsListViewControllerFactory.swift; sourceTree = "<group>"; };
/* End PBXFileReference section */

/* Begin PBXFrameworksBuildPhase section */
		3261EEF62BAC3E7400AEC1AA /* Frameworks */ = {
			isa = PBXFrameworksBuildPhase;
			buildActionMask = 2147483647;
			files = (
			);
			runOnlyForDeploymentPostprocessing = 0;
		};
/* End PBXFrameworksBuildPhase section */

/* Begin PBXGroup section */
		3261EEF02BAC3E7400AEC1AA = {
			isa = PBXGroup;
			children = (
				3261EEFB2BAC3E7400AEC1AA /* YourReviews */,
				3261EEFA2BAC3E7400AEC1AA /* Products */,
			);
			sourceTree = "<group>";
		};
		3261EEFA2BAC3E7400AEC1AA /* Products */ = {
			isa = PBXGroup;
			children = (
				3261EEF92BAC3E7400AEC1AA /* YourReviews.app */,
			);
			name = Products;
			sourceTree = "<group>";
		};
		3261EEFB2BAC3E7400AEC1AA /* YourReviews */ = {
			isa = PBXGroup;
			children = (
				3261EF102BAC3F5E00AEC1AA /* App */,
				3261EF112BAC3F6900AEC1AA /* Resources */,
				3261EF122BAC3F7800AEC1AA /* Screens */,
			);
			path = YourReviews;
			sourceTree = "<group>";
		};
		3261EF102BAC3F5E00AEC1AA /* App */ = {
			isa = PBXGroup;
			children = (
				3261EEFC2BAC3E7400AEC1AA /* AppDelegate.swift */,
			);
			path = App;
			sourceTree = "<group>";
		};
		3261EF112BAC3F6900AEC1AA /* Resources */ = {
			isa = PBXGroup;
			children = (
				3261EF052BAC3E7500AEC1AA /* Assets.xcassets */,
				3261EF0A2BAC3E7500AEC1AA /* Info.plist */,
				3261EF072BAC3E7500AEC1AA /* LaunchScreen.storyboard */,
			);
			path = Resources;
			sourceTree = "<group>";
		};
		3261EF122BAC3F7800AEC1AA /* Screens */ = {
			isa = PBXGroup;
			children = (
				3261EF132BAC408A00AEC1AA /* List */,
			);
			path = Screens;
			sourceTree = "<group>";
		};
		3261EF132BAC408A00AEC1AA /* List */ = {
			isa = PBXGroup;
			children = (
				3261EF1E2BAC48C700AEC1AA /* Factory */,
				3261EF142BAC40B000AEC1AA /* View */,
				3261EF1B2BAC412000AEC1AA /* ViewModel */,
			);
			path = List;
			sourceTree = "<group>";
		};
		3261EF142BAC40B000AEC1AA /* View */ = {
			isa = PBXGroup;
			children = (
				3261EF172BAC40D700AEC1AA /* ReviewCell.swift */,
				3261EF192BAC40EF00AEC1AA /* ReviewListHeaderView.swift */,
				3261EF152BAC40BC00AEC1AA /* ReviewsListViewController.swift */,
			);
			path = View;
			sourceTree = "<group>";
		};
		3261EF1B2BAC412000AEC1AA /* ViewModel */ = {
			isa = PBXGroup;
			children = (
				3261EF1C2BAC412D00AEC1AA /* ReviewsListViewModel.swift */,
			);
			path = ViewModel;
			sourceTree = "<group>";
		};
		3261EF1E2BAC48C700AEC1AA /* Factory */ = {
			isa = PBXGroup;
			children = (
				3261EF1F2BAC48D500AEC1AA /* ReviewsListViewControllerFactory.swift */,
			);
			path = Factory;
			sourceTree = "<group>";
		};
/* End PBXGroup section */

/* Begin PBXNativeTarget section */
		3261EEF82BAC3E7400AEC1AA /* YourReviews */ = {
			isa = PBXNativeTarget;
			buildConfigurationList = 3261EF0D2BAC3E7500AEC1AA /* Build configuration list for PBXNativeTarget "YourReviews" */;
			buildPhases = (
				3261EEF52BAC3E7400AEC1AA /* Sources */,
				3261EEF62BAC3E7400AEC1AA /* Frameworks */,
				3261EEF72BAC3E7400AEC1AA /* Resources */,
			);
			buildRules = (
			);
			dependencies = (
			);
			name = YourReviews;
			productName = YourReviews;
			productReference = 3261EEF92BAC3E7400AEC1AA /* YourReviews.app */;
			productType = "com.apple.product-type.application";
		};
/* End PBXNativeTarget section */

/* Begin PBXProject section */
		3261EEF12BAC3E7400AEC1AA /* Project object */ = {
			isa = PBXProject;
			attributes = {
				BuildIndependentTargetsInParallel = 1;
				LastSwiftUpdateCheck = 1510;
				LastUpgradeCheck = 1510;
				TargetAttributes = {
					3261EEF82BAC3E7400AEC1AA = {
						CreatedOnToolsVersion = 15.1;
					};
				};
			};
			buildConfigurationList = 3261EEF42BAC3E7400AEC1AA /* Build configuration list for PBXProject "YourReviews" */;
			compatibilityVersion = "Xcode 14.0";
			developmentRegion = en;
			hasScannedForEncodings = 0;
			knownRegions = (
				en,
				Base,
			);
			mainGroup = 3261EEF02BAC3E7400AEC1AA;
			productRefGroup = 3261EEFA2BAC3E7400AEC1AA /* Products */;
			projectDirPath = "";
			projectRoot = "";
			targets = (
				3261EEF82BAC3E7400AEC1AA /* YourReviews */,
			);
		};
/* End PBXProject section */

/* Begin PBXResourcesBuildPhase section */
		3261EEF72BAC3E7400AEC1AA /* Resources */ = {
			isa = PBXResourcesBuildPhase;
			buildActionMask = 2147483647;
			files = (
				3261EF092BAC3E7500AEC1AA /* LaunchScreen.storyboard in Resources */,
				3261EF062BAC3E7500AEC1AA /* Assets.xcassets in Resources */,
			);
			runOnlyForDeploymentPostprocessing = 0;
		};
/* End PBXResourcesBuildPhase section */

/* Begin PBXSourcesBuildPhase section */
		3261EEF52BAC3E7400AEC1AA /* Sources */ = {
			isa = PBXSourcesBuildPhase;
			buildActionMask = 2147483647;
			files = (
				3261EF1D2BAC412D00AEC1AA /* ReviewsListViewModel.swift in Sources */,
				3261EF202BAC48D500AEC1AA /* ReviewsListViewControllerFactory.swift in Sources */,
				3261EF162BAC40BC00AEC1AA /* ReviewsListViewController.swift in Sources */,
				3261EF182BAC40D700AEC1AA /* ReviewCell.swift in Sources */,
				3261EEFD2BAC3E7400AEC1AA /* AppDelegate.swift in Sources */,
				3261EF1A2BAC40EF00AEC1AA /* ReviewListHeaderView.swift in Sources */,
			);
			runOnlyForDeploymentPostprocessing = 0;
		};
/* End PBXSourcesBuildPhase section */

/* Begin PBXVariantGroup section */
		3261EF072BAC3E7500AEC1AA /* LaunchScreen.storyboard */ = {
			isa = PBXVariantGroup;
			children = (
				3261EF082BAC3E7500AEC1AA /* Base */,
			);
			name = LaunchScreen.storyboard;
			sourceTree = "<group>";
		};
/* End PBXVariantGroup section */

/* Begin XCBuildConfiguration section */
		3261EF0B2BAC3E7500AEC1AA /* Debug */ = {
			isa = XCBuildConfiguration;
			buildSettings = {
				ALWAYS_SEARCH_USER_PATHS = NO;
				ASSETCATALOG_COMPILER_GENERATE_SWIFT_ASSET_SYMBOL_EXTENSIONS = YES;
				CLANG_ANALYZER_NONNULL = YES;
				CLANG_ANALYZER_NUMBER_OBJECT_CONVERSION = YES_AGGRESSIVE;
				CLANG_CXX_LANGUAGE_STANDARD = "gnu++20";
				CLANG_ENABLE_MODULES = YES;
				CLANG_ENABLE_OBJC_ARC = YES;
				CLANG_ENABLE_OBJC_WEAK = YES;
				CLANG_WARN_BLOCK_CAPTURE_AUTORELEASING = YES;
				CLANG_WARN_BOOL_CONVERSION = YES;
				CLANG_WARN_COMMA = YES;
				CLANG_WARN_CONSTANT_CONVERSION = YES;
				CLANG_WARN_DEPRECATED_OBJC_IMPLEMENTATIONS = YES;
				CLANG_WARN_DIRECT_OBJC_ISA_USAGE = YES_ERROR;
				CLANG_WARN_DOCUMENTATION_COMMENTS = YES;
				CLANG_WARN_EMPTY_BODY = YES;
				CLANG_WARN_ENUM_CONVERSION = YES;
				CLANG_WARN_INFINITE_RECURSION = YES;
				CLANG_WARN_INT_CONVERSION = YES;
				CLANG_WARN_NON_LITERAL_NULL_CONVERSION = YES;
				CLANG_WARN_OBJC_IMPLICIT_RETAIN_SELF = YES;
				CLANG_WARN_OBJC_LITERAL_CONVERSION = YES;
				CLANG_WARN_OBJC_ROOT_CLASS = YES_ERROR;
				CLANG_WARN_QUOTED_INCLUDE_IN_FRAMEWORK_HEADER = YES;
				CLANG_WARN_RANGE_LOOP_ANALYSIS = YES;
				CLANG_WARN_STRICT_PROTOTYPES = YES;
				CLANG_WARN_SUSPICIOUS_MOVE = YES;
				CLANG_WARN_UNGUARDED_AVAILABILITY = YES_AGGRESSIVE;
				CLANG_WARN_UNREACHABLE_CODE = YES;
				CLANG_WARN__DUPLICATE_METHOD_MATCH = YES;
				COPY_PHASE_STRIP = NO;
				DEBUG_INFORMATION_FORMAT = dwarf;
				ENABLE_STRICT_OBJC_MSGSEND = YES;
				ENABLE_TESTABILITY = YES;
				ENABLE_USER_SCRIPT_SANDBOXING = YES;
				GCC_C_LANGUAGE_STANDARD = gnu17;
				GCC_DYNAMIC_NO_PIC = NO;
				GCC_NO_COMMON_BLOCKS = YES;
				GCC_OPTIMIZATION_LEVEL = 0;
				GCC_PREPROCESSOR_DEFINITIONS = (
					"DEBUG=1",
					"$(inherited)",
				);
				GCC_WARN_64_TO_32_BIT_CONVERSION = YES;
				GCC_WARN_ABOUT_RETURN_TYPE = YES_ERROR;
				GCC_WARN_UNDECLARED_SELECTOR = YES;
				GCC_WARN_UNINITIALIZED_AUTOS = YES_AGGRESSIVE;
				GCC_WARN_UNUSED_FUNCTION = YES;
				GCC_WARN_UNUSED_VARIABLE = YES;
				IPHONEOS_DEPLOYMENT_TARGET = 17.2;
				LOCALIZATION_PREFERS_STRING_CATALOGS = YES;
				MTL_ENABLE_DEBUG_INFO = INCLUDE_SOURCE;
				MTL_FAST_MATH = YES;
				ONLY_ACTIVE_ARCH = YES;
				SDKROOT = iphoneos;
				SWIFT_ACTIVE_COMPILATION_CONDITIONS = "DEBUG $(inherited)";
				SWIFT_OPTIMIZATION_LEVEL = "-Onone";
			};
			name = Debug;
		};
		3261EF0C2BAC3E7500AEC1AA /* Release */ = {
			isa = XCBuildConfiguration;
			buildSettings = {
				ALWAYS_SEARCH_USER_PATHS = NO;
				ASSETCATALOG_COMPILER_GENERATE_SWIFT_ASSET_SYMBOL_EXTENSIONS = YES;
				CLANG_ANALYZER_NONNULL = YES;
				CLANG_ANALYZER_NUMBER_OBJECT_CONVERSION = YES_AGGRESSIVE;
				CLANG_CXX_LANGUAGE_STANDARD = "gnu++20";
				CLANG_ENABLE_MODULES = YES;
				CLANG_ENABLE_OBJC_ARC = YES;
				CLANG_ENABLE_OBJC_WEAK = YES;
				CLANG_WARN_BLOCK_CAPTURE_AUTORELEASING = YES;
				CLANG_WARN_BOOL_CONVERSION = YES;
				CLANG_WARN_COMMA = YES;
				CLANG_WARN_CONSTANT_CONVERSION = YES;
				CLANG_WARN_DEPRECATED_OBJC_IMPLEMENTATIONS = YES;
				CLANG_WARN_DIRECT_OBJC_ISA_USAGE = YES_ERROR;
				CLANG_WARN_DOCUMENTATION_COMMENTS = YES;
				CLANG_WARN_EMPTY_BODY = YES;
				CLANG_WARN_ENUM_CONVERSION = YES;
				CLANG_WARN_INFINITE_RECURSION = YES;
				CLANG_WARN_INT_CONVERSION = YES;
				CLANG_WARN_NON_LITERAL_NULL_CONVERSION = YES;
				CLANG_WARN_OBJC_IMPLICIT_RETAIN_SELF = YES;
				CLANG_WARN_OBJC_LITERAL_CONVERSION = YES;
				CLANG_WARN_OBJC_ROOT_CLASS = YES_ERROR;
				CLANG_WARN_QUOTED_INCLUDE_IN_FRAMEWORK_HEADER = YES;
				CLANG_WARN_RANGE_LOOP_ANALYSIS = YES;
				CLANG_WARN_STRICT_PROTOTYPES = YES;
				CLANG_WARN_SUSPICIOUS_MOVE = YES;
				CLANG_WARN_UNGUARDED_AVAILABILITY = YES_AGGRESSIVE;
				CLANG_WARN_UNREACHABLE_CODE = YES;
				CLANG_WARN__DUPLICATE_METHOD_MATCH = YES;
				COPY_PHASE_STRIP = NO;
				DEBUG_INFORMATION_FORMAT = "dwarf-with-dsym";
				ENABLE_NS_ASSERTIONS = NO;
				ENABLE_STRICT_OBJC_MSGSEND = YES;
				ENABLE_USER_SCRIPT_SANDBOXING = YES;
				GCC_C_LANGUAGE_STANDARD = gnu17;
				GCC_NO_COMMON_BLOCKS = YES;
				GCC_WARN_64_TO_32_BIT_CONVERSION = YES;
				GCC_WARN_ABOUT_RETURN_TYPE = YES_ERROR;
				GCC_WARN_UNDECLARED_SELECTOR = YES;
				GCC_WARN_UNINITIALIZED_AUTOS = YES_AGGRESSIVE;
				GCC_WARN_UNUSED_FUNCTION = YES;
				GCC_WARN_UNUSED_VARIABLE = YES;
				IPHONEOS_DEPLOYMENT_TARGET = 17.2;
				LOCALIZATION_PREFERS_STRING_CATALOGS = YES;
				MTL_ENABLE_DEBUG_INFO = NO;
				MTL_FAST_MATH = YES;
				SDKROOT = iphoneos;
				SWIFT_COMPILATION_MODE = wholemodule;
				VALIDATE_PRODUCT = YES;
			};
			name = Release;
		};
		3261EF0E2BAC3E7500AEC1AA /* Debug */ = {
			isa = XCBuildConfiguration;
			buildSettings = {
				ASSETCATALOG_COMPILER_APPICON_NAME = AppIcon;
				ASSETCATALOG_COMPILER_GLOBAL_ACCENT_COLOR_NAME = AccentColor;
				CODE_SIGN_STYLE = Automatic;
				CURRENT_PROJECT_VERSION = 1;
				DEVELOPMENT_TEAM = TFJ5C8A45H;
				GENERATE_INFOPLIST_FILE = YES;
				INFOPLIST_FILE = YourReviews/Resources/Info.plist;
				INFOPLIST_KEY_UIApplicationSupportsIndirectInputEvents = YES;
				INFOPLIST_KEY_UILaunchStoryboardName = LaunchScreen;
				INFOPLIST_KEY_UISupportedInterfaceOrientations_iPad = "UIInterfaceOrientationPortrait UIInterfaceOrientationPortraitUpsideDown UIInterfaceOrientationLandscapeLeft UIInterfaceOrientationLandscapeRight";
				INFOPLIST_KEY_UISupportedInterfaceOrientations_iPhone = "UIInterfaceOrientationPortrait UIInterfaceOrientationLandscapeLeft UIInterfaceOrientationLandscapeRight";
				LD_RUNPATH_SEARCH_PATHS = (
					"$(inherited)",
					"@executable_path/Frameworks",
				);
				MARKETING_VERSION = 1.0;
				PRODUCT_BUNDLE_IDENTIFIER = com.oldnmad.YourReviews;
				PRODUCT_NAME = "$(TARGET_NAME)";
				SUPPORTED_PLATFORMS = "iphoneos iphonesimulator";
				SUPPORTS_MACCATALYST = NO;
				SUPPORTS_MAC_DESIGNED_FOR_IPHONE_IPAD = NO;
				SWIFT_EMIT_LOC_STRINGS = YES;
				SWIFT_VERSION = 5.0;
				TARGETED_DEVICE_FAMILY = 1;
			};
			name = Debug;
		};
		3261EF0F2BAC3E7500AEC1AA /* Release */ = {
			isa = XCBuildConfiguration;
			buildSettings = {
				ASSETCATALOG_COMPILER_APPICON_NAME = AppIcon;
				ASSETCATALOG_COMPILER_GLOBAL_ACCENT_COLOR_NAME = AccentColor;
				CODE_SIGN_STYLE = Automatic;
				CURRENT_PROJECT_VERSION = 1;
				DEVELOPMENT_TEAM = TFJ5C8A45H;
				GENERATE_INFOPLIST_FILE = YES;
				INFOPLIST_FILE = YourReviews/Resources/Info.plist;
				INFOPLIST_KEY_UIApplicationSupportsIndirectInputEvents = YES;
				INFOPLIST_KEY_UILaunchStoryboardName = LaunchScreen;
				INFOPLIST_KEY_UISupportedInterfaceOrientations_iPad = "UIInterfaceOrientationPortrait UIInterfaceOrientationPortraitUpsideDown UIInterfaceOrientationLandscapeLeft UIInterfaceOrientationLandscapeRight";
				INFOPLIST_KEY_UISupportedInterfaceOrientations_iPhone = "UIInterfaceOrientationPortrait UIInterfaceOrientationLandscapeLeft UIInterfaceOrientationLandscapeRight";
				LD_RUNPATH_SEARCH_PATHS = (
					"$(inherited)",
					"@executable_path/Frameworks",
				);
				MARKETING_VERSION = 1.0;
				PRODUCT_BUNDLE_IDENTIFIER = com.oldnmad.YourReviews;
				PRODUCT_NAME = "$(TARGET_NAME)";
				SUPPORTED_PLATFORMS = "iphoneos iphonesimulator";
				SUPPORTS_MACCATALYST = NO;
				SUPPORTS_MAC_DESIGNED_FOR_IPHONE_IPAD = NO;
				SWIFT_EMIT_LOC_STRINGS = YES;
				SWIFT_VERSION = 5.0;
				TARGETED_DEVICE_FAMILY = 1;
			};
			name = Release;
		};
/* End XCBuildConfiguration section */

/* Begin XCConfigurationList section */
		3261EEF42BAC3E7400AEC1AA /* Build configuration list for PBXProject "YourReviews" */ = {
			isa = XCConfigurationList;
			buildConfigurations = (
				3261EF0B2BAC3E7500AEC1AA /* Debug */,
				3261EF0C2BAC3E7500AEC1AA /* Release */,
			);
			defaultConfigurationIsVisible = 0;
			defaultConfigurationName = Release;
		};
		3261EF0D2BAC3E7500AEC1AA /* Build configuration list for PBXNativeTarget "YourReviews" */ = {
			isa = XCConfigurationList;
			buildConfigurations = (
				3261EF0E2BAC3E7500AEC1AA /* Debug */,
				3261EF0F2BAC3E7500AEC1AA /* Release */,
			);
			defaultConfigurationIsVisible = 0;
			defaultConfigurationName = Release;
		};
/* End XCConfigurationList section */
	};
	rootObject = 3261EEF12BAC3E7400AEC1AA /* Project object */;
}
